hash: e33e64d61711f097a4abb2961db1de5ef75662b6f34b138eb56d0ea8f4dd19d2
updated: 2016-10-14T12:06:41.883479313+02:00
imports:
- name: code.google.com/p/go.crypto
  version: 5f31782cfb2b6373211f8f9fbf31283fa234b570
  repo: https://golang.org/x/crypto
- name: github.com/bobappleyard/readline
  version: 7e300e02d38ee8b418c0b4841877f1845d392328
- name: github.com/boltdb/bolt
  version: 074dffcc83e9f421e261526d297cd93f22a34080
- name: github.com/bradfitz/http2
  version: aa7658c0e9902e929a9ed0996ef949e59fc0f3ab
  subpackages:
  - hpack
- name: github.com/didip/tollbooth
  version: 3c82d92ebe4fd84faf80a8837abf6126aa054b15
  subpackages:
  - config
  - errors
  - libstring
- name: github.com/eknkc/amber
  version: a69a021e158c3b06700cc881c05d0923f627b578
  subpackages:
  - parser
- name: github.com/fatih/color
  version: dea9d3a26a087187530244679c1cfb3a42937794
- name: github.com/fsnotify/fsnotify
  version: bd2828f9f176e52d7222e565abb2d338d3f3c103
- name: github.com/garyburd/redigo
  version: ffa8d46ada782d81cfda81a0fbd9f45ceae448e8
  subpackages:
  - internal
  - redis
- name: github.com/getwe/figlet4go
  version: bc879344e874dd110753d17083a2a7acf3136683
- name: github.com/go-sql-driver/mysql
  version: 0b58b37b664c21f3010e836f1b931e1d0b0b0685
- name: github.com/gophertown/fsnotify
  version: bd2828f9f176e52d7222e565abb2d338d3f3c103
  repo: https://github.com/fsnotify/fsnotify
- name: github.com/juju/ratelimit
  version: 77ed1c8a01217656d2080ad51981f6e99adaa177
- name: github.com/klauspost/compress
  version: d0763f13d86e630f5d3ea9fa848a6ecc68255297
  subpackages:
  - flate
- name: github.com/klauspost/cpuid
  version: 09cded8978dc9e80714c4d85b0322337b0a1e5e0
- name: github.com/klauspost/crc32
  version: 19b0b332c9e4516a6370a0456e6182c3b5036720
- name: github.com/klauspost/pgzip
  version: 95e8170c5d4da28db9c64dfc9ec3138ea4466fd4
- name: github.com/lib/pq
  version: ae8357db35d721c58dcdc911318b55bef6b1b001
  subpackages:
  - oid
- name: github.com/mamaar/risotto
  version: c3b4f4dbac6541f11ed5bc1b97d00ef06bbe34c0
  subpackages:
  - ast
  - file
  - generator
  - parser
  - token
- name: github.com/mattn/go-colorable
  version: 6c903ff4aa50920ca86087a280590b36b3152b9c
- name: github.com/mattn/go-isatty
  version: 66b8e73f3f5cda9f96b69efd03dd3d7fc4a5cdb8
- name: github.com/mattn/go-runewidth
  version: 737072b4e32b7a5018b4a7125da8d12de90e8045
- name: github.com/mitchellh/go-homedir
  version: 756f7b183b7ab78acdbbee5c7f392838ed459dda
- name: github.com/mitchellh/mapstructure
  version: 281073eb9eb092240d33ef253c404f1cca550309
- name: github.com/natefinch/pie
  version: 13d3874dc4836d5db81d3a950aa5436b1eb23372
- name: github.com/nsf/termbox-go
  version: b6acae516ace002cb8105a89024544a1480655a5
- name: github.com/russross/blackfriday
  version: 5f33e7b7878355cd2b7e6b8eefc48a5472c69f70
- name: github.com/shopspring/decimal
  version: 74d668a796fa3734c552fb907d9b83146d0bebee
- name: github.com/shurcooL/sanitized_anchor_name
  version: 1dba4b3954bc059efc3991ec364f9f9a35f597d2
- name: github.com/sirupsen/logrus
  version: 3ec0642a7fb6488f65b06f9040adc67e3990296a
- name: github.com/tylerb/graceful
  version: 50a48b6e73fcc75b45e22c05b79629a67c79e938
- name: github.com/wellington/sass
  version: cab90b3986d6d581baa47302e8be3ddb588e5f21
  subpackages:
  - ast
  - ast/unit
  - builtin
  - builtin/colors
  - builtin/introspect
  - builtin/list
  - builtin/strops
  - builtin/url
  - calc
  - compiler
  - parser
  - scanner
  - strops
  - token
- name: github.com/xyproto/cookie
  version: b84c85ae2aa3e21b2c7fc8c37d5a3081c0c9c83b
- name: github.com/xyproto/jpath
  version: f0d6e5f685931608fe60575a9d7aace23b6e4ce8
- name: github.com/xyproto/mime
  version: 58d5c367ee5b5e10f4662848579b8ccd759b280e
- name: github.com/xyproto/permissionbolt
  version: e60b21f434c6bd58a05a271f4c7e0ba559bebdbe
- name: github.com/xyproto/permissionHSTORE
  version: 01dd5855f011eaf03fc924f5c6c7f42cd867148e
- name: github.com/xyproto/permissions2
  version: 84b0270d160af9ef19485f927be061e998e1185b
- name: github.com/xyproto/permissionsql
  version: 14c0023a2a2d41af70db27509ae89a8b5d8e31b7
- name: github.com/xyproto/pinterface
  version: 0a2ee76fd4d458a7b2f89beabab0cc11135cb07e
- name: github.com/xyproto/pongo2
  version: 0b8cefa21dd6be21ec95b7bcbf9d2b519b1eee10
- name: github.com/xyproto/recwatch
  version: 07a9f17aef563117f0826c6372dcc7249c343c54
- name: github.com/xyproto/simplebolt
  version: e14f3929e5626e6a8c703e61c5b912014ef1d199
- name: github.com/xyproto/simplehstore
  version: 99a59d5aaec5c5ffa1c176314ad81b2d829ebbeb
- name: github.com/xyproto/simplemaria
  version: 5cf67844724df03656f16a32348bbef589d5f919
- name: github.com/xyproto/simpleredis
  version: cda923d4c0ff8f4898045bb3ef953203c90a52d1
- name: github.com/xyproto/term
  version: 9e12074e834ac795cf9e5d8ac4f3149babb59576
- name: github.com/xyproto/unzip
  version: 823950573952ff86553b26381fe7472549873cb4
- name: github.com/yosssi/gcss
  version: 39677598ea4f3ec1da5568173b4d43611f307edb
- name: github.com/yuin/gluamapper
  version: d836955830e75240d46ce9f0e6d148d94f2e1d3a
- name: github.com/yuin/gopher-lua
  version: d0d5dd3565a9f3c86ff5bc42a0b1cc9e5bfcf55e
  subpackages:
  - ast
  - parse
  - pm
- name: golang.org/x/crypto
  version: 5f31782cfb2b6373211f8f9fbf31283fa234b570
  subpackages:
  - bcrypt
  - blowfish
- name: golang.org/x/sys
  version: 9bb9f0998d48b31547d975974935ae9b48c7a03c
  subpackages:
  - unix
- name: launchpad.net/gocheck
  version: 4f90aeace3a26ad7021961c297b22c42160c7b25
  repo: https://github.com/go-check/check
  subpackages:
  - ?go-get=1
testImports:
- name: assert
  version: b7ed37b82869576c289d7d97fb2bbd8b64a0cb28
  repo: https://github.com/bmizerany/assert
- name: github.com/bmizerany/assert
  version: b7ed37b82869576c289d7d97fb2bbd8b64a0cb28
- name: github.com/go-check/check
  version: 4f90aeace3a26ad7021961c297b22c42160c7b25
- name: github.com/kr/pretty
  version: e6ac2fc51e89a3249e82157fa0bb7a18ef9dd5bb
- name: github.com/kr/text
  version: bb797dc4fb8320488f47bf11de07a733d7233e1f
