hash: eea6e6ab3b8bdf281b82ee767880b3310451e9da18e3b4765ecaacc68cbd1bbb
updated: 2017-03-07T10:42:50.687840996+01:00
imports:
- name: code.google.com/p/go.crypto
  version: 728b753d0135da6801d45a38e6f43ff55779c5c2
  repo: https://golang.org/x/crypto
- name: github.com/boltdb/bolt
  version: e9cf4fae01b5a8ff89d0ec6b32f0d9c9f79aefdd
- name: github.com/bradfitz/http2
  version: aa7658c0e9902e929a9ed0996ef949e59fc0f3ab
  subpackages:
  - hpack
- name: github.com/chzyer/readline
  version: 784bd70fe0690cd8994a9f7fec6cde879a6629b8
- name: github.com/didip/tollbooth
  version: 0587adcf612f2cc33e88eb2f216949425e4cef27
  subpackages:
  - config
  - errors
  - libstring
- name: github.com/eknkc/amber
  version: 9be5e8aae85904f63d505e0c00e5e0881d44ef4d
  subpackages:
  - parser
- name: github.com/fatih/color
  version: 7824417a424b65227be8ac9b14d545a7f3e6c3f0
- name: github.com/flosch/pongo2
  version: 1d0f0d3af150c4a65dfd424d742f7374819e7d29
- name: github.com/fsnotify/fsnotify
  version: 7d7316ed6e1ed2de075aab8dfc76de5d158d66e1
- name: github.com/garyburd/redigo
  version: 0d253a66e6e1349f4581d6d2b300ee434ee2da9f
  subpackages:
  - internal
  - redis
- name: github.com/getwe/figlet4go
  version: bc879344e874dd110753d17083a2a7acf3136683
- name: github.com/go-sql-driver/mysql
  version: 2e00b5cd70399450106cec6431c2e2ce3cae5034
- name: github.com/gophertown/fsnotify
  version: 7d7316ed6e1ed2de075aab8dfc76de5d158d66e1
  repo: https://github.com/fsnotify/fsnotify
- name: github.com/juju/errors
  version: 6f54ff6318409d31ff16261533ce2c8381a4fd5d
- name: github.com/klauspost/compress
  version: 14c9a76e3c95e47f8ccce949bba2c1101a8b85e6
  subpackages:
  - flate
- name: github.com/klauspost/cpuid
  version: 09cded8978dc9e80714c4d85b0322337b0a1e5e0
- name: github.com/klauspost/crc32
  version: 1bab8b35b6bb565f92cbc97939610af9369f942a
- name: github.com/klauspost/pgzip
  version: e1189db7261c60cf75c77d573014936620d3d119
- name: github.com/lib/pq
  version: ca5bc43047f2138703da0f3d3ca89a59f3d597f1
  subpackages:
  - oid
- name: github.com/mamaar/risotto
  version: c3b4f4dbac6541f11ed5bc1b97d00ef06bbe34c0
  subpackages:
  - ast
  - file
  - generator
  - parser
  - token
- name: github.com/mattetti/filebuffer
  version: 80f2c1c4dcf558a0cee1e4303225d17c6238e00a
- name: github.com/mattn/go-colorable
  version: 5411d3eea5978e6cdc258b30de592b60df6aba96
  repo: https://github.com/mattn/go-colorable
- name: github.com/mattn/go-isatty
  version: dda3de49cbfcec471bd7a70e6cc01fcc3ff90109
  repo: https://github.com/mattn/go-isatty
- name: github.com/mattn/go-runewidth
  version: 14207d285c6c197daabb5c9793d63e7af9ab2d50
- name: github.com/mitchellh/go-homedir
  version: b8bc1bf767474819792c23f32d8286a45736f1c6
- name: github.com/mitchellh/mapstructure
  version: 281073eb9eb092240d33ef253c404f1cca550309
- name: github.com/natefinch/pie
  version: 13d3874dc4836d5db81d3a950aa5436b1eb23372
- name: github.com/nsf/termbox-go
  version: 91bae1bb5fa9ee504905ecbe7043fa30e92feaa3
- name: github.com/russross/blackfriday
  version: 5f33e7b7878355cd2b7e6b8eefc48a5472c69f70
- name: github.com/shopspring/decimal
  version: 74d668a796fa3734c552fb907d9b83146d0bebee
- name: github.com/shurcooL/sanitized_anchor_name
  version: 1dba4b3954bc059efc3991ec364f9f9a35f597d2
- name: github.com/sirupsen/logrus
  version: 0208149b40d863d2c1a2f8fe5753096a9cf2cc8b
- name: github.com/tylerb/graceful
  version: d72b0151351a13d0421b763b88f791469c4f5dc7
- name: github.com/wellington/sass
  version: cab90b3986d6d581baa47302e8be3ddb588e5f21
  subpackages:
  - ast
  - ast/unit
  - builtin
  - builtin/colors
  - builtin/introspect
  - builtin/list
  - builtin/strops
  - builtin/url
  - calc
  - compiler
  - parser
  - scanner
  - strops
  - token
- name: github.com/xyproto/cookie
  version: b84c85ae2aa3e21b2c7fc8c37d5a3081c0c9c83b
- name: github.com/xyproto/jpath
  version: f0d6e5f685931608fe60575a9d7aace23b6e4ce8
- name: github.com/xyproto/mime
  version: 58d5c367ee5b5e10f4662848579b8ccd759b280e
- name: github.com/xyproto/permissionbolt
  version: da81d8ae3548f170e41b3219864e8620a77c268b
- name: github.com/xyproto/permissionHSTORE
  version: 01dd5855f011eaf03fc924f5c6c7f42cd867148e
- name: github.com/xyproto/permissions2
  version: e0952938e9c87c095770c39f7760a67a0021d726
- name: github.com/xyproto/permissionsql
  version: 72c26ae88c7835c8fdc55ce7ec1dbb7661b5c6ac
- name: github.com/xyproto/pinterface
  version: e3542b15cf8cc7e9e17cc0fe331c79f913797cc9
- name: github.com/xyproto/recwatch
  version: 07a9f17aef563117f0826c6372dcc7249c343c54
- name: github.com/xyproto/simplebolt
  version: fbb4dedf280bb20815eab97361fb3e417a6d2d80
- name: github.com/xyproto/simplehstore
  version: 363dad89c8934aaa929387dc2da0818515743532
- name: github.com/xyproto/simplemaria
  version: 5cf67844724df03656f16a32348bbef589d5f919
- name: github.com/xyproto/simpleredis
  version: cda923d4c0ff8f4898045bb3ef953203c90a52d1
- name: github.com/xyproto/term
  version: 9e12074e834ac795cf9e5d8ac4f3149babb59576
- name: github.com/xyproto/unzip
  version: 823950573952ff86553b26381fe7472549873cb4
- name: github.com/yosssi/gcss
  version: 39677598ea4f3ec1da5568173b4d43611f307edb
- name: github.com/yuin/gluamapper
  version: d836955830e75240d46ce9f0e6d148d94f2e1d3a
- name: github.com/yuin/gopher-lua
  version: 65fb8eeb2aa6d29a7b654d61afd1a07ce3897cc9
  subpackages:
  - ast
  - parse
  - pm
- name: golang.org/x/crypto
  version: 728b753d0135da6801d45a38e6f43ff55779c5c2
  subpackages:
  - bcrypt
  - blowfish
- name: golang.org/x/net
  version: d379faa25cbdc04d653984913a2ceb43b0bc46d7
  subpackages:
  - context
- name: golang.org/x/sys
  version: e48874b42435b4347fc52bdee0424a52abc974d7
  subpackages:
  - unix
- name: golang.org/x/time
  version: f51c12702a4d776e4c1fa9b0fabab841babae631
  subpackages:
  - rate
- name: launchpad.net/gocheck
  version: 20d25e2804050c1cd24a7eea1e7a6447dd0e74ec
  repo: https://github.com/go-check/check
  subpackages:
  - ?go-get=1
testImports:
- name: assert
  version: b7ed37b82869576c289d7d97fb2bbd8b64a0cb28
  repo: https://github.com/bmizerany/assert
- name: github.com/bmizerany/assert
  version: b7ed37b82869576c289d7d97fb2bbd8b64a0cb28
- name: github.com/go-check/check
  version: 20d25e2804050c1cd24a7eea1e7a6447dd0e74ec
- name: github.com/kr/pretty
  version: e6ac2fc51e89a3249e82157fa0bb7a18ef9dd5bb
- name: github.com/kr/text
  version: bb797dc4fb8320488f47bf11de07a733d7233e1f
