hash: 499d69a8a9ff88c4e57c8ff281e49a9880506716ed8803190383ff8c538e693e
updated: 2016-09-14T22:24:54.999703105+02:00
imports:
- name: code.google.com/p/go.crypto
  version: 119f50887f8fe324fe2386421c27a11af014b64e
  repo: https://golang.org/x/crypto
- name: github.com/bobappleyard/readline
  version: 7e300e02d38ee8b418c0b4841877f1845d392328
- name: github.com/boltdb/bolt
  version: fff57c100f4dea1905678da7e90d92429dff2904
- name: github.com/bradfitz/http2
  version: aa7658c0e9902e929a9ed0996ef949e59fc0f3ab
  subpackages:
  - hpack
- name: github.com/didip/tollbooth
  version: 3c82d92ebe4fd84faf80a8837abf6126aa054b15
  subpackages:
  - config
  - errors
  - libstring
- name: github.com/eknkc/amber
  version: 7875e9689d335cd15294cd6f4f0ef8322ce4c8e7
  subpackages:
  - parser
- name: github.com/fatih/color
  version: 87d4004f2ab62d0d255e0a38f1680aa534549fe3
- name: github.com/flosch/pongo2
  version: 22499f94d3d56c7238591344a6902715d0b8fbbf
- name: github.com/fsnotify/fsnotify
  version: f12c6236fe7b5cf6bcf30e5935d08cb079d78334
- name: github.com/garyburd/redigo
  version: ffa8d46ada782d81cfda81a0fbd9f45ceae448e8
  subpackages:
  - internal
  - redis
- name: github.com/getwe/figlet4go
  version: bc879344e874dd110753d17083a2a7acf3136683
- name: github.com/go-sql-driver/mysql
  version: 0b58b37b664c21f3010e836f1b931e1d0b0b0685
- name: github.com/gophertown/fsnotify
  version: f12c6236fe7b5cf6bcf30e5935d08cb079d78334
  repo: https://github.com/fsnotify/fsnotify
- name: github.com/juju/ratelimit
  version: 77ed1c8a01217656d2080ad51981f6e99adaa177
- name: github.com/klauspost/compress
  version: 08fe86a420401e830c24114bdf9f1ba91331407a
  subpackages:
  - flate
- name: github.com/klauspost/cpuid
  version: 09cded8978dc9e80714c4d85b0322337b0a1e5e0
- name: github.com/klauspost/crc32
  version: 19b0b332c9e4516a6370a0456e6182c3b5036720
- name: github.com/klauspost/pgzip
  version: 95e8170c5d4da28db9c64dfc9ec3138ea4466fd4
- name: github.com/lib/pq
  version: 50761b0867bd1d9d069276790bcd4a3bccf2324a
  subpackages:
  - oid
- name: github.com/mamaar/risotto
  version: c3b4f4dbac6541f11ed5bc1b97d00ef06bbe34c0
  subpackages:
  - ast
  - file
  - generator
  - parser
  - token
- name: github.com/mattn/go-colorable
  version: ed8eb9e318d7a84ce5915b495b7d35e0cfe7b5a8
- name: github.com/mattn/go-isatty
  version: 66b8e73f3f5cda9f96b69efd03dd3d7fc4a5cdb8
- name: github.com/mattn/go-runewidth
  version: d6bea18f789704b5f83375793155289da36a3c7f
- name: github.com/mitchellh/go-homedir
  version: 756f7b183b7ab78acdbbee5c7f392838ed459dda
- name: github.com/mitchellh/mapstructure
  version: ca63d7c062ee3c9f34db231e352b60012b4fd0c1
- name: github.com/natefinch/pie
  version: 13d3874dc4836d5db81d3a950aa5436b1eb23372
- name: github.com/nsf/termbox-go
  version: b6acae516ace002cb8105a89024544a1480655a5
- name: github.com/russross/blackfriday
  version: 35eb537633d9950afc8ae7bdf0edb6134584e9fc
- name: github.com/shopspring/decimal
  version: 74d668a796fa3734c552fb907d9b83146d0bebee
- name: github.com/shurcooL/sanitized_anchor_name
  version: 10ef21a441db47d8b13ebcc5fd2310f636973c77
- name: github.com/sirupsen/logrus
  version: 3ec0642a7fb6488f65b06f9040adc67e3990296a
- name: github.com/tylerb/graceful
  version: 50a48b6e73fcc75b45e22c05b79629a67c79e938
- name: github.com/wellington/sass
  version: cab90b3986d6d581baa47302e8be3ddb588e5f21
  subpackages:
  - ast
  - ast/unit
  - builtin
  - builtin/colors
  - builtin/introspect
  - builtin/list
  - builtin/strops
  - builtin/url
  - calc
  - compiler
  - parser
  - scanner
  - strops
  - token
- name: github.com/xyproto/cookie
  version: b84c85ae2aa3e21b2c7fc8c37d5a3081c0c9c83b
- name: github.com/xyproto/jpath
  version: f0d6e5f685931608fe60575a9d7aace23b6e4ce8
- name: github.com/xyproto/mime
  version: 58d5c367ee5b5e10f4662848579b8ccd759b280e
- name: github.com/xyproto/permissionbolt
  version: d14dc9d92dd463cdb7024a2b846c4ab704e3271f
- name: github.com/xyproto/permissions2
  version: 904788a416f7af87bb21c257d041f17fa7899cc3
- name: github.com/xyproto/permissionsql
  version: d517b172d4846d40dce3870244009df6326c6bcb
- name: github.com/xyproto/permissionwrench
  version: f7312b99544b911522e43ef34e1ce540658e1ec8
- name: github.com/xyproto/pinterface
  version: a5a0c6ccdeb92a8016a15724f36e6ad5570caa93
- name: github.com/xyproto/recwatch
  version: 07a9f17aef563117f0826c6372dcc7249c343c54
- name: github.com/xyproto/simplebolt
  version: e14f3929e5626e6a8c703e61c5b912014ef1d199
- name: github.com/xyproto/simplehstore
  version: e2bf082ae1e61cbe950f2e2de5833e188173ba24
- name: github.com/xyproto/simplemaria
  version: 5cf67844724df03656f16a32348bbef589d5f919
- name: github.com/xyproto/simpleredis
  version: de7b4cb9d1be983af7e9924394a27b67927e4918
- name: github.com/xyproto/term
  version: 9e12074e834ac795cf9e5d8ac4f3149babb59576
- name: github.com/xyproto/unzip
  version: 823950573952ff86553b26381fe7472549873cb4
- name: github.com/yosssi/gcss
  version: 39677598ea4f3ec1da5568173b4d43611f307edb
- name: github.com/yuin/gluamapper
  version: d836955830e75240d46ce9f0e6d148d94f2e1d3a
- name: github.com/yuin/gopher-lua
  version: 6a1397dfb6f8e7af08496129dd96f5f62c148f47
  subpackages:
  - ast
  - parse
  - pm
- name: golang.org/x/crypto
  version: 119f50887f8fe324fe2386421c27a11af014b64e
  subpackages:
  - bcrypt
  - blowfish
- name: golang.org/x/sys
  version: 30de6d19a3bd89a5f38ae4028e23aaa5582648af
  subpackages:
  - unix
- name: launchpad.net/gocheck
  version: 4f90aeace3a26ad7021961c297b22c42160c7b25
  repo: https://github.com/go-check/check
  subpackages:
  - ?go-get=1
testImports:
- name: assert
  version: b7ed37b82869576c289d7d97fb2bbd8b64a0cb28
  repo: https://github.com/bmizerany/assert
- name: github.com/bmizerany/assert
  version: b7ed37b82869576c289d7d97fb2bbd8b64a0cb28
- name: github.com/go-check/check
  version: 4f90aeace3a26ad7021961c297b22c42160c7b25
- name: github.com/kr/pretty
  version: cfb55aafdaf3ec08f0db22699ab822c50091b1c4
- name: github.com/kr/text
  version: 7cafcd837844e784b526369c9bce262804aebc60
