# This file is autogenerated, do not edit; changes may be undone by the next 'dep ensure'.


[[projects]]
  branch = "master"
  name = "github.com/bmizerany/assert"
  packages = ["."]
  revision = "b7ed37b82869576c289d7d97fb2bbd8b64a0cb28"

[[projects]]
  name = "github.com/boltdb/bolt"
  packages = ["."]
  revision = "e9cf4fae01b5a8ff89d0ec6b32f0d9c9f79aefdd"

[[projects]]
  branch = "master"
  name = "github.com/chzyer/readline"
  packages = ["."]
  revision = "41eea22f717c616615e1e59aa06cf831f9901f35"

[[projects]]
  name = "github.com/didip/tollbooth"
  packages = [".","config","errors","libstring"]
  revision = "de229036b78daed1a011b643519bde8d12f36411"

[[projects]]
  name = "github.com/eknkc/amber"
  packages = [".","parser"]
  revision = "f0d8fdb67f9f4a2c0d02fb6ce4830b8b6754de10"

[[projects]]
  name = "github.com/fatih/color"
  packages = ["."]
  revision = "62e9147c64a1ed519147b62a56a14e83e2be02c1"

[[projects]]
  name = "github.com/flosch/pongo2"
  packages = ["."]
  revision = "1d0f0d3af150c4a65dfd424d742f7374819e7d29"

[[projects]]
  branch = "master"
  name = "github.com/fsnotify/fsnotify"
  packages = ["."]
  revision = "4da3e2cfbabc9f751898f250b49f2439785783a1"

[[projects]]
  name = "github.com/garyburd/redigo"
  packages = ["internal","redis"]
  revision = "95d11dba2d44531bdb8022752b98912baafae03a"

[[projects]]
  branch = "master"
  name = "github.com/getwe/figlet4go"
  packages = ["."]
  revision = "bc879344e874dd110753d17083a2a7acf3136683"

[[projects]]
  name = "github.com/go-sql-driver/mysql"
  packages = ["."]
  revision = "e3f0fdcf52770a162d5a4540ddb8d9957ff456d1"

[[projects]]
  name = "github.com/juju/errors"
  packages = ["."]
  revision = "8234c829496aaeae67c5c71235a2cbcc289e960a"

[[projects]]
  branch = "master"
  name = "github.com/klauspost/compress"
  packages = ["flate"]
  revision = "f3dce52e0576655d55fd69e74b63da96ad1108f3"

[[projects]]
  name = "github.com/klauspost/cpuid"
  packages = ["."]
  revision = "09cded8978dc9e80714c4d85b0322337b0a1e5e0"
  version = "v1.0"

[[projects]]
  name = "github.com/klauspost/crc32"
  packages = ["."]
  revision = "1bab8b35b6bb565f92cbc97939610af9369f942a"

[[projects]]
  name = "github.com/klauspost/pgzip"
  packages = ["."]
  revision = "0bf5dcad4ada2814c3c00f996a982270bb81a506"
  version = "v1.1"

[[projects]]
  name = "github.com/kr/pretty"
  packages = ["."]
  revision = "e6ac2fc51e89a3249e82157fa0bb7a18ef9dd5bb"

[[projects]]
  name = "github.com/kr/text"
  packages = ["."]
  revision = "bb797dc4fb8320488f47bf11de07a733d7233e1f"

[[projects]]
  name = "github.com/lib/pq"
  packages = [".","oid"]
  revision = "91f10e40ba0dd2d0bf9f93ec1d4077711a78df88"

[[projects]]
  branch = "master"
  name = "github.com/mamaar/risotto"
  packages = ["ast","file","generator","parser","token"]
  revision = "c3b4f4dbac6541f11ed5bc1b97d00ef06bbe34c0"

[[projects]]
  branch = "master"
  name = "github.com/mattetti/filebuffer"
  packages = ["."]
  revision = "80f2c1c4dcf558a0cee1e4303225d17c6238e00a"

[[projects]]
  name = "github.com/mattn/go-colorable"
  packages = ["."]
  revision = "5411d3eea5978e6cdc258b30de592b60df6aba96"

[[projects]]
  name = "github.com/mattn/go-isatty"
  packages = ["."]
  revision = "57fdcb988a5c543893cc61bce354a6e24ab70022"

[[projects]]
  branch = "master"
  name = "github.com/mattn/go-runewidth"
  packages = ["."]
  revision = "97311d9f7767e3d6f422ea06661bc2c7a19e8a5d"

[[projects]]
  branch = "master"
  name = "github.com/mitchellh/go-homedir"
  packages = ["."]
  revision = "b8bc1bf767474819792c23f32d8286a45736f1c6"

[[projects]]
  name = "github.com/mitchellh/mapstructure"
  packages = ["."]
  revision = "281073eb9eb092240d33ef253c404f1cca550309"

[[projects]]
  name = "github.com/natefinch/pie"
  packages = ["."]
  revision = "13d3874dc4836d5db81d3a950aa5436b1eb23372"

[[projects]]
  name = "github.com/nsf/termbox-go"
  packages = ["."]
  revision = "7994c181db7761ca3c67a217068cf31826113f5f"

[[projects]]
  name = "github.com/russross/blackfriday"
  packages = ["."]
  revision = "0ba0f2b6ed7c475a92e4df8641825cb7a11d1fa3"

[[projects]]
  name = "github.com/shopspring/decimal"
  packages = ["."]
  revision = "74d668a796fa3734c552fb907d9b83146d0bebee"

[[projects]]
  name = "github.com/sirupsen/logrus"
  packages = ["."]
  revision = "5e5dc898656f695e2a086b8e12559febbfc01562"

[[projects]]
  branch = "master"
  name = "github.com/tylerb/graceful"
  packages = ["."]
  revision = "d72b0151351a13d0421b763b88f791469c4f5dc7"

[[projects]]
  branch = "master"
  name = "github.com/wellington/sass"
  packages = ["ast","ast/unit","builtin","builtin/colors","builtin/introspect","builtin/list","builtin/strops","builtin/url","calc","compiler","parser","scanner","strops","token"]
  revision = "cab90b3986d6d581baa47302e8be3ddb588e5f21"

[[projects]]
  branch = "master"
  name = "github.com/xyproto/cookie"
  packages = ["."]
  revision = "f60670cd5ff7e2632a4df609f65300898672d1aa"

[[projects]]
  branch = "master"
  name = "github.com/xyproto/datablock"
  packages = ["."]
  revision = "9934fdd82ac3dcd8eb7508b6af05a1eeecb906a5"

[[projects]]
  branch = "master"
  name = "github.com/xyproto/jpath"
  packages = ["."]
  revision = "c3c5db51d5cec049a9ef9cb0a76c2d589d4e2da5"

[[projects]]
  branch = "master"
  name = "github.com/xyproto/kinnian"
  packages = ["cachemode","console","engine","lua/codelib","lua/convert","lua/datastruct","lua/jnode","lua/pool","lua/pure","lua/upload","lua/users","platformdep","utils"]
  revision = "0741c91c10a8a75bab912c0cff16e41f3552b4b9"

[[projects]]
  branch = "master"
  name = "github.com/xyproto/mime"
  packages = ["."]
  revision = "58d5c367ee5b5e10f4662848579b8ccd759b280e"

[[projects]]
  name = "github.com/xyproto/permissionHSTORE"
  packages = ["."]
  revision = "01dd5855f011eaf03fc924f5c6c7f42cd867148e"
  version = "2.1"

[[projects]]
  branch = "master"
  name = "github.com/xyproto/permissionbolt"
  packages = ["."]
  revision = "657ad1a411098f614a30382e53d4267067b0fa43"

[[projects]]
  name = "github.com/xyproto/permissions2"
  packages = ["."]
  revision = "f200bb44e71b601bdfb5b6348e8d2d5348a28953"
  version = "2.3"

[[projects]]
  name = "github.com/xyproto/permissionsql"
  packages = ["."]
  revision = "72c26ae88c7835c8fdc55ce7ec1dbb7661b5c6ac"

[[projects]]
  name = "github.com/xyproto/pinterface"
  packages = ["."]
  revision = "e3542b15cf8cc7e9e17cc0fe331c79f913797cc9"

[[projects]]
  name = "github.com/xyproto/recwatch"
  packages = ["."]
  revision = "07a9f17aef563117f0826c6372dcc7249c343c54"
  version = "1.0"

[[projects]]
  branch = "master"
  name = "github.com/xyproto/simplebolt"
  packages = ["."]
  revision = "fbb4dedf280bb20815eab97361fb3e417a6d2d80"

[[projects]]
  name = "github.com/xyproto/simplehstore"
  packages = ["."]
  revision = "363dad89c8934aaa929387dc2da0818515743532"
  version = "2.3"

[[projects]]
  branch = "master"
  name = "github.com/xyproto/simplemaria"
  packages = ["."]
  revision = "014c7f711a5fc71db2075362b1a9d1c665682b22"

[[projects]]
  name = "github.com/xyproto/simpleredis"
  packages = ["."]
  revision = "d1e7ae5b80c52b0d2879e6efe0ee01c660b8f119"
  version = "2.1"

[[projects]]
  branch = "master"
  name = "github.com/xyproto/term"
  packages = ["."]
  revision = "9e12074e834ac795cf9e5d8ac4f3149babb59576"

[[projects]]
  branch = "master"
  name = "github.com/xyproto/unzip"
  packages = ["."]
  revision = "823950573952ff86553b26381fe7472549873cb4"

[[projects]]
  branch = "master"
  name = "github.com/yosssi/gcss"
  packages = ["."]
  revision = "39677598ea4f3ec1da5568173b4d43611f307edb"

[[projects]]
  branch = "master"
  name = "github.com/yuin/gluamapper"
  packages = ["."]
  revision = "d836955830e75240d46ce9f0e6d148d94f2e1d3a"

[[projects]]
  name = "github.com/yuin/gopher-lua"
  packages = [".","ast","parse","pm"]
  revision = "b402f3114ec730d8bddb074a6c137309f561aa78"

[[projects]]
  name = "golang.org/x/crypto"
  packages = ["bcrypt","blowfish"]
  revision = "e1a4589e7d3ea14a3352255d04b6f1a418845e5e"

[[projects]]
  name = "golang.org/x/net"
  packages = ["context","http2","http2/hpack","idna","lex/httplex"]
  revision = "3da985ce5951d99de868be4385f21ea6c2b22f24"

[[projects]]
  name = "golang.org/x/sys"
  packages = ["unix"]
  revision = "b90f89a1e7a9c1f6b918820b3daa7f08488c8594"

[[projects]]
  name = "golang.org/x/text"
  packages = ["internal/gen","internal/triegen","internal/ucd","secure/bidirule","transform","unicode/bidi","unicode/cldr","unicode/norm","unicode/rangetable"]
  revision = "4ee4af566555f5fbe026368b75596286a312663a"

[[projects]]
  branch = "master"
  name = "golang.org/x/time"
  packages = ["rate"]
  revision = "8be79e1e0910c292df4e79c241bb7e8f7e725959"

[solve-meta]
  analyzer-name = "dep"
  analyzer-version = 1
  inputs-digest = "e81aa2e780493c9d7d47650648e10dfea2984131b3b4c27cca2250ec72961c19"
  solver-name = "gps-cdcl"
  solver-version = 1
